PODS:
  - GirdersSwift (0.5.0):
    - KeychainAccess (= 3.2.0)
    - PromiseKit (= 6.8.3)
    - SwiftyBeaver (= 1.7.0)
  - KeychainAccess (3.2.0)
  - PromiseKit (6.8.3):
    - PromiseKit/CorePromise (= 6.8.3)
    - PromiseKit/Foundation (= 6.8.3)
    - PromiseKit/UIKit (= 6.8.3)
  - PromiseKit/CorePromise (6.8.3)
  - PromiseKit/Foundation (6.8.3):
    - PromiseKit/CorePromise
  - PromiseKit/UIKit (6.8.3):
    - PromiseKit/CorePromise
  - SwiftyBeaver (1.7.0)

DEPENDENCIES:
  - GirdersSwift (= 0.5.0)

SPEC REPOS:
  trunk:
    - GirdersSwift
    - KeychainAccess
    - PromiseKit
    - SwiftyBeaver

SPEC CHECKSUMS:
  GirdersSwift: 6e868d055f7f03352c95c09b339c14933c17f8b8
  KeychainAccess: 3b1bf8a77eb4c6ea1ce9404c292e48f948954c6b
  PromiseKit: 94c6e781838c5bf4717677d0d882b0e7250c80fc
  SwiftyBeaver: 4cc0080d2e23f980652e28978db11a5c9da39165

PODFILE CHECKSUM: 8f8615ae5a4903f9260ba10ddbd0768492b639e4

COCOAPODS: 1.8.4
